
Microsoft Visual Studio Solution File, Format Version 12.00
# Visual Studio 15
VisualStudioVersion = 15.0.28307.421
MinimumVisualStudioVersion = 10.0.40219.1
Project("{FAE04EC0-301F-11D3-BF4B-00C04F79EFBC}") = "SwordAndFather", "SwordAndFather\SwordAndFather.csproj", "{8E906F60-5C28-42E2-AE69-9624E4FCE4D6}"
EndProject
Global
	GlobalSection(SolutionConfigurationPlatforms) = preSolution
		Debug|Any CPU = Debug|Any CPU
		Release|Any CPU = Release|Any CPU
	EndGlobalSection
	GlobalSection(ProjectConfigurationPlatforms) = postSolution
		{8E906F60-5C28-42E2-AE69-9624E4FCE4D6}.Debug|Any CPU.ActiveCfg = Debug|Any CPU
		{8E906F60-5C28-42E2-AE69-9624E4FCE4D6}.Debug|Any CPU.Build.0 = Debug|Any CPU
		{8E906F60-5C28-42E2-AE69-9624E4FCE4D6}.Release|Any CPU.ActiveCfg = Release|Any CPU
		{8E906F60-5C28-42E2-AE69-9624E4FCE4D6}.Release|Any CPU.Build.0 = Release|Any CPU
	EndGlobalSection
	GlobalSection(SolutionProperties) = preSolution
		HideSolutionNode = FALSE
	EndGlobalSection
	GlobalSection(ExtensibilityGlobals) = postSolution
		SolutionGuid = {9764AB7B-DED9-470A-8362-E0CA569AE1DD}
	EndGlobalSection
EndGlobal
